
Microsoft Visual Studio Solution File, Format Version 12.00
# Visual Studio Version 17
VisualStudioVersion = 17.5.33424.131
MinimumVisualStudioVersion = 10.0.40219.1
Project("{8BC9CEB8-8B4A-11D0-8D11-00A0C91BC942}") = "Lab3", "Lab3\Lab3.vcxproj", "{686E25E4-48C8-4908-AEC9-F64507F2BEA0}"
EndProject
Global
	GlobalSection(SolutionConfigurationPlatforms) = preSolution
		Debug|x64 = Debug|x64
		Debug|x86 = Debug|x86
		Release|x64 = Release|x64
		Release|x86 = Release|x86
	EndGlobalSection
	GlobalSection(ProjectConfigurationPlatforms) = postSolution
		{686E25E4-48C8-4908-AEC9-F64507F2BEA0}.Debug|x64.ActiveCfg = Debug|x64
		{686E25E4-48C8-4908-AEC9-F64507F2BEA0}.Debug|x64.Build.0 = Debug|x64
		{686E25E4-48C8-4908-AEC9-F64507F2BEA0}.Debug|x86.ActiveCfg = Debug|Win32
		{686E25E4-48C8-4908-AEC9-F64507F2BEA0}.Debug|x86.Build.0 = Debug|Win32
		{686E25E4-48C8-4908-AEC9-F64507F2BEA0}.Release|x64.ActiveCfg = Release|x64
		{686E25E4-48C8-4908-AEC9-F64507F2BEA0}.Release|x64.Build.0 = Release|x64
		{686E25E4-48C8-4908-AEC9-F64507F2BEA0}.Release|x86.ActiveCfg = Release|Win32
		{686E25E4-48C8-4908-AEC9-F64507F2BEA0}.Release|x86.Build.0 = Release|Win32
	EndGlobalSection
	GlobalSection(SolutionProperties) = preSolution
		HideSolutionNode = FALSE
	EndGlobalSection
	GlobalSection(ExtensibilityGlobals) = postSolution
		SolutionGuid = {F2D23FE9-8235-4C29-B7C3-61E8B9180E99}
	EndGlobalSection
EndGlobal
